
Microsoft Visual Studio Solution File, Format Version 12.00
# Visual Studio Version 17
VisualStudioVersion = 17.4.33122.133
MinimumVisualStudioVersion = 10.0.40219.1
Project("{FAE04EC0-301F-11D3-BF4B-00C04F79EFBC}") = "TeamsGitBranchApp", "TeamsGitBranchApp\TeamsGitBranchApp.csproj", "{59390121-8093-4E2C-9FCF-D2D3C9B9769C}"
EndProject
Global
	GlobalSection(SolutionConfigurationPlatforms) = preSolution
		Debug|Any CPU = Debug|Any CPU
		Release|Any CPU = Release|Any CPU
	EndGlobalSection
	GlobalSection(ProjectConfigurationPlatforms) = postSolution
		{59390121-8093-4E2C-9FCF-D2D3C9B9769C}.Debug|Any CPU.ActiveCfg = Debug|Any CPU
		{59390121-8093-4E2C-9FCF-D2D3C9B9769C}.Debug|Any CPU.Build.0 = Debug|Any CPU
		{59390121-8093-4E2C-9FCF-D2D3C9B9769C}.Release|Any CPU.ActiveCfg = Release|Any CPU
		{59390121-8093-4E2C-9FCF-D2D3C9B9769C}.Release|Any CPU.Build.0 = Release|Any CPU
	EndGlobalSection
	GlobalSection(SolutionProperties) = preSolution
		HideSolutionNode = FALSE
	EndGlobalSection
	GlobalSection(ExtensibilityGlobals) = postSolution
		SolutionGuid = {2329064F-8361-4B1E-BC13-CB0BC6F4F8CA}
	EndGlobalSection
EndGlobal
